
Microsoft Visual Studio Solution File, Format Version 12.00
# Visual Studio Version 16
VisualStudioVersion = 16.0.29709.97
MinimumVisualStudioVersion = 10.0.40219.1
Project("{FAE04EC0-301F-11D3-BF4B-00C04F79EFBC}") = "TestAfLogin", "TestAfLogin\TestAfLogin.csproj", "{3B0482D2-7486-492D-9B3D-77096662D61B}"
EndProject
Global
	GlobalSection(SolutionConfigurationPlatforms) = preSolution
		Debug|Any CPU = Debug|Any CPU
		Release|Any CPU = Release|Any CPU
	EndGlobalSection
	GlobalSection(ProjectConfigurationPlatforms) = postSolution
		{3B0482D2-7486-492D-9B3D-77096662D61B}.Debug|Any CPU.ActiveCfg = Debug|Any CPU
		{3B0482D2-7486-492D-9B3D-77096662D61B}.Debug|Any CPU.Build.0 = Debug|Any CPU
		{3B0482D2-7486-492D-9B3D-77096662D61B}.Release|Any CPU.ActiveCfg = Release|Any CPU
		{3B0482D2-7486-492D-9B3D-77096662D61B}.Release|Any CPU.Build.0 = Release|Any CPU
	EndGlobalSection
	GlobalSection(SolutionProperties) = preSolution
		HideSolutionNode = FALSE
	EndGlobalSection
	GlobalSection(ExtensibilityGlobals) = postSolution
		SolutionGuid = {6161A89A-5862-43CA-948B-9E7AADBED529}
	EndGlobalSection
EndGlobal
